
Microsoft Visual Studio Solution File, Format Version 12.00
# Visual Studio Version 17
VisualStudioVersion = 17.4.33122.133
MinimumVisualStudioVersion = 10.0.40219.1
Project("{8BC9CEB8-8B4A-11D0-8D11-00A0C91BC942}") = "Beep", "Beep\Beep.vcxproj", "{99440EFA-4395-4322-B7FB-6C7F7CD15D22}"
EndProject
Project("{8BC9CEB8-8B4A-11D0-8D11-00A0C91BC942}") = "Simple", "Simple\Simple.vcxproj", "{42A6B425-6A75-43DD-850E-4D26867E4C9B}"
EndProject
Project("{8BC9CEB8-8B4A-11D0-8D11-00A0C91BC942}") = "booster", "booster\booster.vcxproj", "{3AFBA276-6932-4974-8ABA-A0006638F692}"
EndProject
Project("{8BC9CEB8-8B4A-11D0-8D11-00A0C91BC942}") = "boost", "boost\boost.vcxproj", "{59A9D2EE-20DD-4442-A0AF-948DFC2A293A}"
EndProject
Project("{8BC9CEB8-8B4A-11D0-8D11-00A0C91BC942}") = "zeroclient", "zeroclient\zeroclient.vcxproj", "{645C1A15-7BFF-4670-B8FA-614179E74D4C}"
EndProject
Project("{8BC9CEB8-8B4A-11D0-8D11-00A0C91BC942}") = "zerodriver", "zerodriver\zerodriver.vcxproj", "{E9E679CF-87E2-4E16-B36F-FD0CAAE946AE}"
EndProject
Project("{8BC9CEB8-8B4A-11D0-8D11-00A0C91BC942}") = "ProcMon", "ProcMon\ProcMon.vcxproj", "{69634552-98FC-4EC2-BAC7-97DB288B3D84}"
EndProject
Project("{8BC9CEB8-8B4A-11D0-8D11-00A0C91BC942}") = "ProcMonC", "ProcMonC\ProcMonC.vcxproj", "{E78C1C4A-53F2-4768-B96F-C46FC8C265F8}"
EndProject
Project("{8BC9CEB8-8B4A-11D0-8D11-00A0C91BC942}") = "KernelPoolsTest", "KernelPoolsTest\KernelPoolsTest.vcxproj", "{9DA1B347-27F9-4474-BC90-13BBF6CE6101}"
EndProject
Project("{8BC9CEB8-8B4A-11D0-8D11-00A0C91BC942}") = "Guardian", "Guardian\Guardian.vcxproj", "{938DBE97-3A8F-4A3C-B8BF-2D9C6A057C4E}"
EndProject
Global
	GlobalSection(SolutionConfigurationPlatforms) = preSolution
		Debug|ARM64 = Debug|ARM64
		Debug|x64 = Debug|x64
		Debug|x86 = Debug|x86
		Release|ARM64 = Release|ARM64
		Release|x64 = Release|x64
		Release|x86 = Release|x86
	EndGlobalSection
	GlobalSection(ProjectConfigurationPlatforms) = postSolution
		{99440EFA-4395-4322-B7FB-6C7F7CD15D22}.Debug|ARM64.ActiveCfg = Debug|x64
		{99440EFA-4395-4322-B7FB-6C7F7CD15D22}.Debug|ARM64.Build.0 = Debug|x64
		{99440EFA-4395-4322-B7FB-6C7F7CD15D22}.Debug|x64.ActiveCfg = Debug|x64
		{99440EFA-4395-4322-B7FB-6C7F7CD15D22}.Debug|x64.Build.0 = Debug|x64
		{99440EFA-4395-4322-B7FB-6C7F7CD15D22}.Debug|x86.ActiveCfg = Debug|Win32
		{99440EFA-4395-4322-B7FB-6C7F7CD15D22}.Debug|x86.Build.0 = Debug|Win32
		{99440EFA-4395-4322-B7FB-6C7F7CD15D22}.Release|ARM64.ActiveCfg = Release|x64
		{99440EFA-4395-4322-B7FB-6C7F7CD15D22}.Release|ARM64.Build.0 = Release|x64
		{99440EFA-4395-4322-B7FB-6C7F7CD15D22}.Release|x64.ActiveCfg = Release|x64
		{99440EFA-4395-4322-B7FB-6C7F7CD15D22}.Release|x64.Build.0 = Release|x64
		{99440EFA-4395-4322-B7FB-6C7F7CD15D22}.Release|x86.ActiveCfg = Release|Win32
		{99440EFA-4395-4322-B7FB-6C7F7CD15D22}.Release|x86.Build.0 = Release|Win32
		{42A6B425-6A75-43DD-850E-4D26867E4C9B}.Debug|ARM64.ActiveCfg = Debug|ARM64
		{42A6B425-6A75-43DD-850E-4D26867E4C9B}.Debug|ARM64.Build.0 = Debug|ARM64
		{42A6B425-6A75-43DD-850E-4D26867E4C9B}.Debug|ARM64.Deploy.0 = Debug|ARM64
		{42A6B425-6A75-43DD-850E-4D26867E4C9B}.Debug|x64.ActiveCfg = Debug|x64
		{42A6B425-6A75-43DD-850E-4D26867E4C9B}.Debug|x64.Build.0 = Debug|x64
		{42A6B425-6A75-43DD-850E-4D26867E4C9B}.Debug|x64.Deploy.0 = Debug|x64
		{42A6B425-6A75-43DD-850E-4D26867E4C9B}.Debug|x86.ActiveCfg = Debug|x64
		{42A6B425-6A75-43DD-850E-4D26867E4C9B}.Debug|x86.Build.0 = Debug|x64
		{42A6B425-6A75-43DD-850E-4D26867E4C9B}.Debug|x86.Deploy.0 = Debug|x64
		{42A6B425-6A75-43DD-850E-4D26867E4C9B}.Release|ARM64.ActiveCfg = Release|ARM64
		{42A6B425-6A75-43DD-850E-4D26867E4C9B}.Release|ARM64.Build.0 = Release|ARM64
		{42A6B425-6A75-43DD-850E-4D26867E4C9B}.Release|ARM64.Deploy.0 = Release|ARM64
		{42A6B425-6A75-43DD-850E-4D26867E4C9B}.Release|x64.ActiveCfg = Release|x64
		{42A6B425-6A75-43DD-850E-4D26867E4C9B}.Release|x64.Build.0 = Release|x64
		{42A6B425-6A75-43DD-850E-4D26867E4C9B}.Release|x64.Deploy.0 = Release|x64
		{42A6B425-6A75-43DD-850E-4D26867E4C9B}.Release|x86.ActiveCfg = Release|x64
		{42A6B425-6A75-43DD-850E-4D26867E4C9B}.Release|x86.Build.0 = Release|x64
		{42A6B425-6A75-43DD-850E-4D26867E4C9B}.Release|x86.Deploy.0 = Release|x64
		{3AFBA276-6932-4974-8ABA-A0006638F692}.Debug|ARM64.ActiveCfg = Debug|ARM64
		{3AFBA276-6932-4974-8ABA-A0006638F692}.Debug|ARM64.Build.0 = Debug|ARM64
		{3AFBA276-6932-4974-8ABA-A0006638F692}.Debug|ARM64.Deploy.0 = Debug|ARM64
		{3AFBA276-6932-4974-8ABA-A0006638F692}.Debug|x64.ActiveCfg = Debug|x64
		{3AFBA276-6932-4974-8ABA-A0006638F692}.Debug|x64.Build.0 = Debug|x64
		{3AFBA276-6932-4974-8ABA-A0006638F692}.Debug|x64.Deploy.0 = Debug|x64
		{3AFBA276-6932-4974-8ABA-A0006638F692}.Debug|x86.ActiveCfg = Debug|x64
		{3AFBA276-6932-4974-8ABA-A0006638F692}.Debug|x86.Build.0 = Debug|x64
		{3AFBA276-6932-4974-8ABA-A0006638F692}.Debug|x86.Deploy.0 = Debug|x64
		{3AFBA276-6932-4974-8ABA-A0006638F692}.Release|ARM64.ActiveCfg = Release|ARM64
		{3AFBA276-6932-4974-8ABA-A0006638F692}.Release|ARM64.Build.0 = Release|ARM64
		{3AFBA276-6932-4974-8ABA-A0006638F692}.Release|ARM64.Deploy.0 = Release|ARM64
		{3AFBA276-6932-4974-8ABA-A0006638F692}.Release|x64.ActiveCfg = Release|x64
		{3AFBA276-6932-4974-8ABA-A0006638F692}.Release|x64.Build.0 = Release|x64
		{3AFBA276-6932-4974-8ABA-A0006638F692}.Release|x64.Deploy.0 = Release|x64
		{3AFBA276-6932-4974-8ABA-A0006638F692}.Release|x86.ActiveCfg = Release|x64
		{3AFBA276-6932-4974-8ABA-A0006638F692}.Release|x86.Build.0 = Release|x64
		{3AFBA276-6932-4974-8ABA-A0006638F692}.Release|x86.Deploy.0 = Release|x64
		{59A9D2EE-20DD-4442-A0AF-948DFC2A293A}.Debug|ARM64.ActiveCfg = Debug|x64
		{59A9D2EE-20DD-4442-A0AF-948DFC2A293A}.Debug|ARM64.Build.0 = Debug|x64
		{59A9D2EE-20DD-4442-A0AF-948DFC2A293A}.Debug|x64.ActiveCfg = Debug|x64
		{59A9D2EE-20DD-4442-A0AF-948DFC2A293A}.Debug|x64.Build.0 = Debug|x64
		{59A9D2EE-20DD-4442-A0AF-948DFC2A293A}.Debug|x86.ActiveCfg = Debug|Win32
		{59A9D2EE-20DD-4442-A0AF-948DFC2A293A}.Debug|x86.Build.0 = Debug|Win32
		{59A9D2EE-20DD-4442-A0AF-948DFC2A293A}.Release|ARM64.ActiveCfg = Release|x64
		{59A9D2EE-20DD-4442-A0AF-948DFC2A293A}.Release|ARM64.Build.0 = Release|x64
		{59A9D2EE-20DD-4442-A0AF-948DFC2A293A}.Release|x64.ActiveCfg = Release|x64
		{59A9D2EE-20DD-4442-A0AF-948DFC2A293A}.Release|x64.Build.0 = Release|x64
		{59A9D2EE-20DD-4442-A0AF-948DFC2A293A}.Release|x86.ActiveCfg = Release|Win32
		{59A9D2EE-20DD-4442-A0AF-948DFC2A293A}.Release|x86.Build.0 = Release|Win32
		{645C1A15-7BFF-4670-B8FA-614179E74D4C}.Debug|ARM64.ActiveCfg = Debug|x64
		{645C1A15-7BFF-4670-B8FA-614179E74D4C}.Debug|ARM64.Build.0 = Debug|x64
		{645C1A15-7BFF-4670-B8FA-614179E74D4C}.Debug|x64.ActiveCfg = Debug|x64
		{645C1A15-7BFF-4670-B8FA-614179E74D4C}.Debug|x64.Build.0 = Debug|x64
		{645C1A15-7BFF-4670-B8FA-614179E74D4C}.Debug|x86.ActiveCfg = Debug|Win32
		{645C1A15-7BFF-4670-B8FA-614179E74D4C}.Debug|x86.Build.0 = Debug|Win32
		{645C1A15-7BFF-4670-B8FA-614179E74D4C}.Release|ARM64.ActiveCfg = Release|x64
		{645C1A15-7BFF-4670-B8FA-614179E74D4C}.Release|ARM64.Build.0 = Release|x64
		{645C1A15-7BFF-4670-B8FA-614179E74D4C}.Release|x64.ActiveCfg = Release|x64
		{645C1A15-7BFF-4670-B8FA-614179E74D4C}.Release|x64.Build.0 = Release|x64
		{645C1A15-7BFF-4670-B8FA-614179E74D4C}.Release|x86.ActiveCfg = Release|Win32
		{645C1A15-7BFF-4670-B8FA-614179E74D4C}.Release|x86.Build.0 = Release|Win32
		{E9E679CF-87E2-4E16-B36F-FD0CAAE946AE}.Debug|ARM64.ActiveCfg = Debug|ARM64
		{E9E679CF-87E2-4E16-B36F-FD0CAAE946AE}.Debug|ARM64.Build.0 = Debug|ARM64
		{E9E679CF-87E2-4E16-B36F-FD0CAAE946AE}.Debug|ARM64.Deploy.0 = Debug|ARM64
		{E9E679CF-87E2-4E16-B36F-FD0CAAE946AE}.Debug|x64.ActiveCfg = Debug|x64
		{E9E679CF-87E2-4E16-B36F-FD0CAAE946AE}.Debug|x64.Build.0 = Debug|x64
		{E9E679CF-87E2-4E16-B36F-FD0CAAE946AE}.Debug|x64.Deploy.0 = Debug|x64
		{E9E679CF-87E2-4E16-B36F-FD0CAAE946AE}.Debug|x86.ActiveCfg = Debug|x64
		{E9E679CF-87E2-4E16-B36F-FD0CAAE946AE}.Debug|x86.Build.0 = Debug|x64
		{E9E679CF-87E2-4E16-B36F-FD0CAAE946AE}.Debug|x86.Deploy.0 = Debug|x64
		{E9E679CF-87E2-4E16-B36F-FD0CAAE946AE}.Release|ARM64.ActiveCfg = Release|ARM64
		{E9E679CF-87E2-4E16-B36F-FD0CAAE946AE}.Release|ARM64.Build.0 = Release|ARM64
		{E9E679CF-87E2-4E16-B36F-FD0CAAE946AE}.Release|ARM64.Deploy.0 = Release|ARM64
		{E9E679CF-87E2-4E16-B36F-FD0CAAE946AE}.Release|x64.ActiveCfg = Release|x64
		{E9E679CF-87E2-4E16-B36F-FD0CAAE946AE}.Release|x64.Build.0 = Release|x64
		{E9E679CF-87E2-4E16-B36F-FD0CAAE946AE}.Release|x64.Deploy.0 = Release|x64
		{E9E679CF-87E2-4E16-B36F-FD0CAAE946AE}.Release|x86.ActiveCfg = Release|x64
		{E9E679CF-87E2-4E16-B36F-FD0CAAE946AE}.Release|x86.Build.0 = Release|x64
		{E9E679CF-87E2-4E16-B36F-FD0CAAE946AE}.Release|x86.Deploy.0 = Release|x64
		{69634552-98FC-4EC2-BAC7-97DB288B3D84}.Debug|ARM64.ActiveCfg = Debug|ARM64
		{69634552-98FC-4EC2-BAC7-97DB288B3D84}.Debug|ARM64.Build.0 = Debug|ARM64
		{69634552-98FC-4EC2-BAC7-97DB288B3D84}.Debug|ARM64.Deploy.0 = Debug|ARM64
		{69634552-98FC-4EC2-BAC7-97DB288B3D84}.Debug|x64.ActiveCfg = Debug|x64
		{69634552-98FC-4EC2-BAC7-97DB288B3D84}.Debug|x64.Build.0 = Debug|x64
		{69634552-98FC-4EC2-BAC7-97DB288B3D84}.Debug|x64.Deploy.0 = Debug|x64
		{69634552-98FC-4EC2-BAC7-97DB288B3D84}.Debug|x86.ActiveCfg = Debug|x64
		{69634552-98FC-4EC2-BAC7-97DB288B3D84}.Debug|x86.Build.0 = Debug|x64
		{69634552-98FC-4EC2-BAC7-97DB288B3D84}.Debug|x86.Deploy.0 = Debug|x64
		{69634552-98FC-4EC2-BAC7-97DB288B3D84}.Release|ARM64.ActiveCfg = Release|ARM64
		{69634552-98FC-4EC2-BAC7-97DB288B3D84}.Release|ARM64.Build.0 = Release|ARM64
		{69634552-98FC-4EC2-BAC7-97DB288B3D84}.Release|ARM64.Deploy.0 = Release|ARM64
		{69634552-98FC-4EC2-BAC7-97DB288B3D84}.Release|x64.ActiveCfg = Release|x64
		{69634552-98FC-4EC2-BAC7-97DB288B3D84}.Release|x64.Build.0 = Release|x64
		{69634552-98FC-4EC2-BAC7-97DB288B3D84}.Release|x64.Deploy.0 = Release|x64
		{69634552-98FC-4EC2-BAC7-97DB288B3D84}.Release|x86.ActiveCfg = Release|x64
		{69634552-98FC-4EC2-BAC7-97DB288B3D84}.Release|x86.Build.0 = Release|x64
		{69634552-98FC-4EC2-BAC7-97DB288B3D84}.Release|x86.Deploy.0 = Release|x64
		{E78C1C4A-53F2-4768-B96F-C46FC8C265F8}.Debug|ARM64.ActiveCfg = Debug|x64
		{E78C1C4A-53F2-4768-B96F-C46FC8C265F8}.Debug|ARM64.Build.0 = Debug|x64
		{E78C1C4A-53F2-4768-B96F-C46FC8C265F8}.Debug|x64.ActiveCfg = Debug|x64
		{E78C1C4A-53F2-4768-B96F-C46FC8C265F8}.Debug|x64.Build.0 = Debug|x64
		{E78C1C4A-53F2-4768-B96F-C46FC8C265F8}.Debug|x86.ActiveCfg = Debug|Win32
		{E78C1C4A-53F2-4768-B96F-C46FC8C265F8}.Debug|x86.Build.0 = Debug|Win32
		{E78C1C4A-53F2-4768-B96F-C46FC8C265F8}.Release|ARM64.ActiveCfg = Release|x64
		{E78C1C4A-53F2-4768-B96F-C46FC8C265F8}.Release|ARM64.Build.0 = Release|x64
		{E78C1C4A-53F2-4768-B96F-C46FC8C265F8}.Release|x64.ActiveCfg = Release|x64
		{E78C1C4A-53F2-4768-B96F-C46FC8C265F8}.Release|x64.Build.0 = Release|x64
		{E78C1C4A-53F2-4768-B96F-C46FC8C265F8}.Release|x86.ActiveCfg = Release|Win32
		{E78C1C4A-53F2-4768-B96F-C46FC8C265F8}.Release|x86.Build.0 = Release|Win32
		{9DA1B347-27F9-4474-BC90-13BBF6CE6101}.Debug|ARM64.ActiveCfg = Debug|ARM64
		{9DA1B347-27F9-4474-BC90-13BBF6CE6101}.Debug|ARM64.Build.0 = Debug|ARM64
		{9DA1B347-27F9-4474-BC90-13BBF6CE6101}.Debug|ARM64.Deploy.0 = Debug|ARM64
		{9DA1B347-27F9-4474-BC90-13BBF6CE6101}.Debug|x64.ActiveCfg = Debug|x64
		{9DA1B347-27F9-4474-BC90-13BBF6CE6101}.Debug|x64.Build.0 = Debug|x64
		{9DA1B347-27F9-4474-BC90-13BBF6CE6101}.Debug|x64.Deploy.0 = Debug|x64
		{9DA1B347-27F9-4474-BC90-13BBF6CE6101}.Debug|x86.ActiveCfg = Debug|x64
		{9DA1B347-27F9-4474-BC90-13BBF6CE6101}.Debug|x86.Build.0 = Debug|x64
		{9DA1B347-27F9-4474-BC90-13BBF6CE6101}.Debug|x86.Deploy.0 = Debug|x64
		{9DA1B347-27F9-4474-BC90-13BBF6CE6101}.Release|ARM64.ActiveCfg = Release|ARM64
		{9DA1B347-27F9-4474-BC90-13BBF6CE6101}.Release|ARM64.Build.0 = Release|ARM64
		{9DA1B347-27F9-4474-BC90-13BBF6CE6101}.Release|ARM64.Deploy.0 = Release|ARM64
		{9DA1B347-27F9-4474-BC90-13BBF6CE6101}.Release|x64.ActiveCfg = Release|x64
		{9DA1B347-27F9-4474-BC90-13BBF6CE6101}.Release|x64.Build.0 = Release|x64
		{9DA1B347-27F9-4474-BC90-13BBF6CE6101}.Release|x64.Deploy.0 = Release|x64
		{9DA1B347-27F9-4474-BC90-13BBF6CE6101}.Release|x86.ActiveCfg = Release|x64
		{9DA1B347-27F9-4474-BC90-13BBF6CE6101}.Release|x86.Build.0 = Release|x64
		{9DA1B347-27F9-4474-BC90-13BBF6CE6101}.Release|x86.Deploy.0 = Release|x64
		{938DBE97-3A8F-4A3C-B8BF-2D9C6A057C4E}.Debug|ARM64.ActiveCfg = Debug|ARM64
		{938DBE97-3A8F-4A3C-B8BF-2D9C6A057C4E}.Debug|ARM64.Build.0 = Debug|ARM64
		{938DBE97-3A8F-4A3C-B8BF-2D9C6A057C4E}.Debug|ARM64.Deploy.0 = Debug|ARM64
		{938DBE97-3A8F-4A3C-B8BF-2D9C6A057C4E}.Debug|x64.ActiveCfg = Debug|x64
		{938DBE97-3A8F-4A3C-B8BF-2D9C6A057C4E}.Debug|x64.Build.0 = Debug|x64
		{938DBE97-3A8F-4A3C-B8BF-2D9C6A057C4E}.Debug|x64.Deploy.0 = Debug|x64
		{938DBE97-3A8F-4A3C-B8BF-2D9C6A057C4E}.Debug|x86.ActiveCfg = Debug|x64
		{938DBE97-3A8F-4A3C-B8BF-2D9C6A057C4E}.Debug|x86.Build.0 = Debug|x64
		{938DBE97-3A8F-4A3C-B8BF-2D9C6A057C4E}.Debug|x86.Deploy.0 = Debug|x64
		{938DBE97-3A8F-4A3C-B8BF-2D9C6A057C4E}.Release|ARM64.ActiveCfg = Release|ARM64
		{938DBE97-3A8F-4A3C-B8BF-2D9C6A057C4E}.Release|ARM64.Build.0 = Release|ARM64
		{938DBE97-3A8F-4A3C-B8BF-2D9C6A057C4E}.Release|ARM64.Deploy.0 = Release|ARM64
		{938DBE97-3A8F-4A3C-B8BF-2D9C6A057C4E}.Release|x64.ActiveCfg = Release|x64
		{938DBE97-3A8F-4A3C-B8BF-2D9C6A057C4E}.Release|x64.Build.0 = Release|x64
		{938DBE97-3A8F-4A3C-B8BF-2D9C6A057C4E}.Release|x64.Deploy.0 = Release|x64
		{938DBE97-3A8F-4A3C-B8BF-2D9C6A057C4E}.Release|x86.ActiveCfg = Release|x64
		{938DBE97-3A8F-4A3C-B8BF-2D9C6A057C4E}.Release|x86.Build.0 = Release|x64
		{938DBE97-3A8F-4A3C-B8BF-2D9C6A057C4E}.Release|x86.Deploy.0 = Release|x64
	EndGlobalSection
	GlobalSection(SolutionProperties) = preSolution
		HideSolutionNode = FALSE
	EndGlobalSection
	GlobalSection(ExtensibilityGlobals) = postSolution
		SolutionGuid = {42CB5697-D685-4A0B-A41C-F30BF597658D}
	EndGlobalSection
EndGlobal
